
Microsoft Visual Studio Solution File, Format Version 12.00
# Visual Studio Version 18
VisualStudioVersion = 18.5.11709.299 stable
MinimumVisualStudioVersion = 10.0.40219.1
Project("{FAE04EC0-301F-11D3-BF4B-00C04F79EFBC}") = "N24DesktopInfo", "N24DesktopInfo.csproj", "{BC9A90E5-7C0D-9829-95E4-9B7C7D5E3FF6}"
EndProject
Global
	GlobalSection(SolutionConfigurationPlatforms) = preSolution
		Debug|Any CPU = Debug|Any CPU
		Release|Any CPU = Release|Any CPU
	EndGlobalSection
	GlobalSection(ProjectConfigurationPlatforms) = postSolution
		{BC9A90E5-7C0D-9829-95E4-9B7C7D5E3FF6}.Debug|Any CPU.ActiveCfg = Debug|Any CPU
		{BC9A90E5-7C0D-9829-95E4-9B7C7D5E3FF6}.Debug|Any CPU.Build.0 = Debug|Any CPU
		{BC9A90E5-7C0D-9829-95E4-9B7C7D5E3FF6}.Release|Any CPU.ActiveCfg = Release|Any CPU
		{BC9A90E5-7C0D-9829-95E4-9B7C7D5E3FF6}.Release|Any CPU.Build.0 = Release|Any CPU
	EndGlobalSection
	GlobalSection(SolutionProperties) = preSolution
		HideSolutionNode = FALSE
	EndGlobalSection
	GlobalSection(ExtensibilityGlobals) = postSolution
		SolutionGuid = {A188AA8C-A56E-467D-BD3B-0E9869DB98F9}
	EndGlobalSection
EndGlobal
